
Microsoft Visual Studio Solution File, Format Version 12.00
# Visual Studio Version 16
VisualStudioVersion = 16.0.30804.86
MinimumVisualStudioVersion = 10.0.40219.1
Project("{FAE04EC0-301F-11D3-BF4B-00C04F79EFBC}") = "SchoolManagement", "SchoolManagement.csproj", "{0A9AA144-5185-4592-843A-D0371CA0C9DC}"
EndProject
Global
	GlobalSection(SolutionConfigurationPlatforms) = preSolution
		Debug|Any CPU = Debug|Any CPU
		Release|Any CPU = Release|Any CPU
	EndGlobalSection
	GlobalSection(ProjectConfigurationPlatforms) = postSolution
		{0A9AA144-5185-4592-843A-D0371CA0C9DC}.Debug|Any CPU.ActiveCfg = Debug|Any CPU
		{0A9AA144-5185-4592-843A-D0371CA0C9DC}.Debug|Any CPU.Build.0 = Debug|Any CPU
		{0A9AA144-5185-4592-843A-D0371CA0C9DC}.Release|Any CPU.ActiveCfg = Release|Any CPU
		{0A9AA144-5185-4592-843A-D0371CA0C9DC}.Release|Any CPU.Build.0 = Release|Any CPU
	EndGlobalSection
	GlobalSection(SolutionProperties) = preSolution
		HideSolutionNode = FALSE
	EndGlobalSection
	GlobalSection(ExtensibilityGlobals) = postSolution
		SolutionGuid = {C329239C-872A-4D1D-8BD2-7D7308561278}
	EndGlobalSection
EndGlobal
